
Microsoft Visual Studio Solution File, Format Version 12.00
# Visual Studio Version 16
VisualStudioVersion = 16.0.28803.202
MinimumVisualStudioVersion = 10.0.40219.1
Project("{FAE04EC0-301F-11D3-BF4B-00C04F79EFBC}") = "BookShop", "BookShop\BookShop.csproj", "{AFF2A3CA-0E50-410D-9B00-E83713BBA521}"
EndProject
Global
	GlobalSection(SolutionConfigurationPlatforms) = preSolution
		Debug|Any CPU = Debug|Any CPU
		Release|Any CPU = Release|Any CPU
	EndGlobalSection
	GlobalSection(ProjectConfigurationPlatforms) = postSolution
		{AFF2A3CA-0E50-410D-9B00-E83713BBA521}.Debug|Any CPU.ActiveCfg = Debug|Any CPU
		{AFF2A3CA-0E50-410D-9B00-E83713BBA521}.Debug|Any CPU.Build.0 = Debug|Any CPU
		{AFF2A3CA-0E50-410D-9B00-E83713BBA521}.Release|Any CPU.ActiveCfg = Release|Any CPU
		{AFF2A3CA-0E50-410D-9B00-E83713BBA521}.Release|Any CPU.Build.0 = Release|Any CPU
	EndGlobalSection
	GlobalSection(SolutionProperties) = preSolution
		HideSolutionNode = FALSE
	EndGlobalSection
	GlobalSection(ExtensibilityGlobals) = postSolution
		SolutionGuid = {37AAC2A6-F044-4EBD-AE4E-3639837A6C55}
	EndGlobalSection
EndGlobal
