
Microsoft Visual Studio Solution File, Format Version 12.00
# Visual Studio Version 16
VisualStudioVersion = 16.0.28803.202
MinimumVisualStudioVersion = 10.0.40219.1
Project("{FAE04EC0-301F-11D3-BF4B-00C04F79EFBC}") = "Homework01", "Homework01\Homework01.csproj", "{AE0EA8DC-EF87-4D5F-917E-C9F548CE3638}"
EndProject
Global
	GlobalSection(SolutionConfigurationPlatforms) = preSolution
		Debug|Any CPU = Debug|Any CPU
		Release|Any CPU = Release|Any CPU
	EndGlobalSection
	GlobalSection(ProjectConfigurationPlatforms) = postSolution
		{AE0EA8DC-EF87-4D5F-917E-C9F548CE3638}.Debug|Any CPU.ActiveCfg = Debug|Any CPU
		{AE0EA8DC-EF87-4D5F-917E-C9F548CE3638}.Debug|Any CPU.Build.0 = Debug|Any CPU
		{AE0EA8DC-EF87-4D5F-917E-C9F548CE3638}.Release|Any CPU.ActiveCfg = Release|Any CPU
		{AE0EA8DC-EF87-4D5F-917E-C9F548CE3638}.Release|Any CPU.Build.0 = Release|Any CPU
	EndGlobalSection
	GlobalSection(SolutionProperties) = preSolution
		HideSolutionNode = FALSE
	EndGlobalSection
	GlobalSection(ExtensibilityGlobals) = postSolution
		SolutionGuid = {CE70507E-89B4-4353-98FA-CA0646FC13F0}
	EndGlobalSection
EndGlobal
