
Microsoft Visual Studio Solution File, Format Version 12.00
# Visual Studio Version 16
VisualStudioVersion = 16.0.28803.202
MinimumVisualStudioVersion = 10.0.40219.1
Project("{FAE04EC0-301F-11D3-BF4B-00C04F79EFBC}") = "BookShop2.0", "BookShop2.0\BookShop2.0.csproj", "{64D2A155-04E4-4D18-8BB2-A81965230A77}"
EndProject
Global
	GlobalSection(SolutionConfigurationPlatforms) = preSolution
		Debug|Any CPU = Debug|Any CPU
		Release|Any CPU = Release|Any CPU
	EndGlobalSection
	GlobalSection(ProjectConfigurationPlatforms) = postSolution
		{64D2A155-04E4-4D18-8BB2-A81965230A77}.Debug|Any CPU.ActiveCfg = Debug|Any CPU
		{64D2A155-04E4-4D18-8BB2-A81965230A77}.Debug|Any CPU.Build.0 = Debug|Any CPU
		{64D2A155-04E4-4D18-8BB2-A81965230A77}.Release|Any CPU.ActiveCfg = Release|Any CPU
		{64D2A155-04E4-4D18-8BB2-A81965230A77}.Release|Any CPU.Build.0 = Release|Any CPU
	EndGlobalSection
	GlobalSection(SolutionProperties) = preSolution
		HideSolutionNode = FALSE
	EndGlobalSection
	GlobalSection(ExtensibilityGlobals) = postSolution
		SolutionGuid = {622A55B0-70D1-4E2B-A3CC-874F86AFF5DC}
	EndGlobalSection
EndGlobal
